
Microsoft Visual Studio Solution File, Format Version 12.00
# Visual Studio 14
VisualStudioVersion = 14.0.25420.1
MinimumVisualStudioVersion = 10.0.40219.1
Project("{FAE04EC0-301F-11D3-BF4B-00C04F79EFBC}") = "HelloWorld", "HelloWorld\HelloWorld.csproj", "{B017FFA4-9767-4BA7-8330-48CB7BF04165}"
EndProject
Project("{FAE04EC0-301F-11D3-BF4B-00C04F79EFBC}") = "PrintNumbers", "PrintNumbers\PrintNumbers.csproj", "{410CA6EC-8F32-44EB-AF53-EE483C7B4DCB}"
EndProject
Project("{FAE04EC0-301F-11D3-BF4B-00C04F79EFBC}") = "SquareRoot", "SquareRoot\SquareRoot.csproj", "{9D7A7827-7E15-458F-BC63-BBD3EECF2B37}"
EndProject
Project("{FAE04EC0-301F-11D3-BF4B-00C04F79EFBC}") = "PrintSequence", "PrintSequence\PrintSequence.csproj", "{62CD430C-B90E-4BE8-A70F-8DA5908496D4}"
EndProject
Project("{FAE04EC0-301F-11D3-BF4B-00C04F79EFBC}") = "Age", "Age\Age.csproj", "{A8A6FFFE-6CA5-4432-823E-CE87554C5761}"
EndProject
Project("{FAE04EC0-301F-11D3-BF4B-00C04F79EFBC}") = "LongSequence", "LongSequence\LongSequence.csproj", "{23332871-54CF-4EDF-8DAD-E12B3BDAAE98}"
EndProject
Global
	GlobalSection(SolutionConfigurationPlatforms) = preSolution
		Debug|Any CPU = Debug|Any CPU
		Release|Any CPU = Release|Any CPU
	EndGlobalSection
	GlobalSection(ProjectConfigurationPlatforms) = postSolution
		{B017FFA4-9767-4BA7-8330-48CB7BF04165}.Debug|Any CPU.ActiveCfg = Debug|Any CPU
		{B017FFA4-9767-4BA7-8330-48CB7BF04165}.Debug|Any CPU.Build.0 = Debug|Any CPU
		{B017FFA4-9767-4BA7-8330-48CB7BF04165}.Release|Any CPU.ActiveCfg = Release|Any CPU
		{B017FFA4-9767-4BA7-8330-48CB7BF04165}.Release|Any CPU.Build.0 = Release|Any CPU
		{410CA6EC-8F32-44EB-AF53-EE483C7B4DCB}.Debug|Any CPU.ActiveCfg = Debug|Any CPU
		{410CA6EC-8F32-44EB-AF53-EE483C7B4DCB}.Debug|Any CPU.Build.0 = Debug|Any CPU
		{410CA6EC-8F32-44EB-AF53-EE483C7B4DCB}.Release|Any CPU.ActiveCfg = Release|Any CPU
		{410CA6EC-8F32-44EB-AF53-EE483C7B4DCB}.Release|Any CPU.Build.0 = Release|Any CPU
		{9D7A7827-7E15-458F-BC63-BBD3EECF2B37}.Debug|Any CPU.ActiveCfg = Debug|Any CPU
		{9D7A7827-7E15-458F-BC63-BBD3EECF2B37}.Debug|Any CPU.Build.0 = Debug|Any CPU
		{9D7A7827-7E15-458F-BC63-BBD3EECF2B37}.Release|Any CPU.ActiveCfg = Release|Any CPU
		{9D7A7827-7E15-458F-BC63-BBD3EECF2B37}.Release|Any CPU.Build.0 = Release|Any CPU
		{62CD430C-B90E-4BE8-A70F-8DA5908496D4}.Debug|Any CPU.ActiveCfg = Debug|Any CPU
		{62CD430C-B90E-4BE8-A70F-8DA5908496D4}.Debug|Any CPU.Build.0 = Debug|Any CPU
		{62CD430C-B90E-4BE8-A70F-8DA5908496D4}.Release|Any CPU.ActiveCfg = Release|Any CPU
		{62CD430C-B90E-4BE8-A70F-8DA5908496D4}.Release|Any CPU.Build.0 = Release|Any CPU
		{A8A6FFFE-6CA5-4432-823E-CE87554C5761}.Debug|Any CPU.ActiveCfg = Debug|Any CPU
		{A8A6FFFE-6CA5-4432-823E-CE87554C5761}.Debug|Any CPU.Build.0 = Debug|Any CPU
		{A8A6FFFE-6CA5-4432-823E-CE87554C5761}.Release|Any CPU.ActiveCfg = Release|Any CPU
		{A8A6FFFE-6CA5-4432-823E-CE87554C5761}.Release|Any CPU.Build.0 = Release|Any CPU
		{23332871-54CF-4EDF-8DAD-E12B3BDAAE98}.Debug|Any CPU.ActiveCfg = Debug|Any CPU
		{23332871-54CF-4EDF-8DAD-E12B3BDAAE98}.Debug|Any CPU.Build.0 = Debug|Any CPU
		{23332871-54CF-4EDF-8DAD-E12B3BDAAE98}.Release|Any CPU.ActiveCfg = Release|Any CPU
		{23332871-54CF-4EDF-8DAD-E12B3BDAAE98}.Release|Any CPU.Build.0 = Release|Any CPU
	EndGlobalSection
	GlobalSection(SolutionProperties) = preSolution
		HideSolutionNode = FALSE
	EndGlobalSection
EndGlobal
